
Microsoft Visual Studio Solution File, Format Version 12.00
Project("{F2A71F9B-5D33-465A-A702-920D77279786}") = "Benchmarking.FSharp", "Benchmarking.FSharp\Benchmarking.FSharp.fsproj", "{6CF50A64-B0B4-4BF3-BBF2-E9660281F51C}"
EndProject
Project("{FAE04EC0-301F-11D3-BF4B-00C04F79EFBC}") = "Benchmarking.CSharp", "Benchmarking.CSharp\Benchmarking.CSharp.csproj", "{C9402D8C-C2F7-4660-8F0C-76CCC7E408C3}"
EndProject
Project("{F2A71F9B-5D33-465A-A702-920D77279786}") = "Benchmarking", "Benchmarking\Benchmarking.fsproj", "{4F04863A-0E03-42C8-BD03-93D2C88E1DBD}"
EndProject
Global
	GlobalSection(SolutionConfigurationPlatforms) = preSolution
		Debug|Any CPU = Debug|Any CPU
		Release|Any CPU = Release|Any CPU
	EndGlobalSection
	GlobalSection(ProjectConfigurationPlatforms) = postSolution
		{6CF50A64-B0B4-4BF3-BBF2-E9660281F51C}.Debug|Any CPU.ActiveCfg = Debug|Any CPU
		{6CF50A64-B0B4-4BF3-BBF2-E9660281F51C}.Debug|Any CPU.Build.0 = Debug|Any CPU
		{6CF50A64-B0B4-4BF3-BBF2-E9660281F51C}.Release|Any CPU.ActiveCfg = Release|Any CPU
		{6CF50A64-B0B4-4BF3-BBF2-E9660281F51C}.Release|Any CPU.Build.0 = Release|Any CPU
		{C9402D8C-C2F7-4660-8F0C-76CCC7E408C3}.Debug|Any CPU.ActiveCfg = Debug|Any CPU
		{C9402D8C-C2F7-4660-8F0C-76CCC7E408C3}.Debug|Any CPU.Build.0 = Debug|Any CPU
		{C9402D8C-C2F7-4660-8F0C-76CCC7E408C3}.Release|Any CPU.ActiveCfg = Release|Any CPU
		{C9402D8C-C2F7-4660-8F0C-76CCC7E408C3}.Release|Any CPU.Build.0 = Release|Any CPU
		{4F04863A-0E03-42C8-BD03-93D2C88E1DBD}.Debug|Any CPU.ActiveCfg = Debug|Any CPU
		{4F04863A-0E03-42C8-BD03-93D2C88E1DBD}.Debug|Any CPU.Build.0 = Debug|Any CPU
		{4F04863A-0E03-42C8-BD03-93D2C88E1DBD}.Release|Any CPU.ActiveCfg = Release|Any CPU
		{4F04863A-0E03-42C8-BD03-93D2C88E1DBD}.Release|Any CPU.Build.0 = Release|Any CPU
	EndGlobalSection
EndGlobal
